
Microsoft Visual Studio Solution File, Format Version 12.00
# Visual Studio 2012
Project("{FAE04EC0-301F-11D3-BF4B-00C04F79EFBC}") = "COM_TestForm", "COM_TestForm\COM_TestForm.csproj", "{A95529D0-B225-428C-9141-B9CB3947C551}"
EndProject
Global
	GlobalSection(SolutionConfigurationPlatforms) = preSolution
		Debug|Any CPU = Debug|Any CPU
		Release|Any CPU = Release|Any CPU
	EndGlobalSection
	GlobalSection(ProjectConfigurationPlatforms) = postSolution
		{A95529D0-B225-428C-9141-B9CB3947C551}.Debug|Any CPU.ActiveCfg = Debug|Any CPU
		{A95529D0-B225-428C-9141-B9CB3947C551}.Debug|Any CPU.Build.0 = Debug|Any CPU
		{A95529D0-B225-428C-9141-B9CB3947C551}.Release|Any CPU.ActiveCfg = Release|Any CPU
		{A95529D0-B225-428C-9141-B9CB3947C551}.Release|Any CPU.Build.0 = Release|Any CPU
	EndGlobalSection
	GlobalSection(SolutionProperties) = preSolution
		HideSolutionNode = FALSE
	EndGlobalSection
EndGlobal
